# This file is autogenerated, do not edit; changes may be undone by the next 'dep ensure'.


[[projects]]
  digest = "1:7c15789324dad47434f9a93cafa7ce70fb8548a6f63edf055703c56102669072"
  name = "github.com/Shopify/sarama"
  packages = ["."]
  pruneopts = "UT"
  revision = "df4198a76011691a0353dfcac98047d18e5c4388"

[[projects]]
  digest = "1:1630aab7d3f8c8d3e89bd060a7cf5d44e4d3c3588255af632f863318bfcefaef"
  name = "github.com/apache/thrift"
  packages = ["lib/go/thrift"]
  pruneopts = "UT"
  revision = "3a8bbbd4a68fb28f2b33a7ee9e81ba3dd4a929a5"

[[projects]]
  digest = "1:6ea5fc17b137419a219eafbf64bc5648ebcf0a3490f13a8424045f30ff90ddb7"
  name = "github.com/aws/aws-sdk-go"
  packages = [
    "aws",
    "aws/awserr",
    "aws/awsutil",
    "aws/client",
    "aws/client/metadata",
    "aws/credentials",
    "aws/endpoints",
    "aws/request",
    "aws/signer/v4",
    "private/protocol",
    "private/protocol/query",
    "private/protocol/query/queryutil",
    "private/protocol/rest",
    "private/protocol/xml/xmlutil",
    "private/waiter",
    "service/ses",
  ]
  pruneopts = "UT"
  revision = "8e3cbe8bc6116511806e5627b0dbc03d5b79ce0a"

[[projects]]
  digest = "1:5bb36304653e73c2ced864d49c9f344e7141a7ceef852442edcea212094ebc3c"
  name = "github.com/beorn7/perks"
  packages = ["quantile"]
  pruneopts = "UT"
  revision = "4c0e84591b9aa9e6dcfdf3e020114cd81f89d5f9"

[[projects]]
  digest = "1:a2c1d0e43bd3baaa071d1b9ed72c27d78169b2b269f71c105ac4ba34b1be4a39"
  name = "github.com/davecgh/go-spew"
  packages = ["spew"]
  pruneopts = "UT"
  revision = "346938d642f2ec3594ed81d874461961cd0faa76"
  version = "v1.1.0"

[[projects]]
  digest = "1:1f0c7ab489b407a7f8f9ad16c25a504d28ab461517a971d341388a56156c1bd7"
  name = "github.com/eapache/go-resiliency"
  packages = ["breaker"]
  pruneopts = "UT"
  revision = "b86b1ec0dd4209a588dc1285cdd471e73525c0b3"

[[projects]]
  digest = "1:2b55f08306f24f60dab51e006c1890db08d34ccc1b92c53a08a1a6e7792e3eb8"
  name = "github.com/eapache/go-xerial-snappy"
  packages = ["."]
  pruneopts = "UT"
  revision = "bb955e01b9346ac19dc29eb16586c90ded99a98c"

[[projects]]
  digest = "1:444b82bfe35c83bbcaf84e310fb81a1f9ece03edfed586483c869e2c046aef69"
  name = "github.com/eapache/queue"
  packages = ["."]
  pruneopts = "UT"
  revision = "44cc805cf13205b55f69e14bcb69867d1ae92f98"
  version = "v1.1.0"

[[projects]]
  digest = "1:e69adf87b5d7e47b310516e4b43bcdaf918721203edaf242683435b341a535cc"
  name = "github.com/go-ini/ini"
  packages = ["."]
  pruneopts = "UT"
  revision = "2ba15ac2dc9cdf88c110ec2dc0ced7fa45f5678c"

[[projects]]
  digest = "1:31a18dae27a29aa074515e43a443abfd2ba6deb6d69309d8d7ce789c45f34659"
  name = "github.com/go-logfmt/logfmt"
  packages = ["."]
  pruneopts = "UT"
  revision = "390ab7935ee28ec6b286364bba9b4dd6410cb3d5"
  version = "v0.3.0"

[[projects]]
  digest = "1:701239373bbf22998c5a36c76d2ff4ee309b3980e39b7a66d72cabd3aab748fa"
  name = "github.com/gogo/protobuf"
  packages = ["proto"]
  pruneopts = "UT"
  revision = "9c5b7bafbfccf2b40d274e0496f3a09418a87af4"

[[projects]]
  digest = "1:1f42115e0f083254cec7e1f7addabdd46763ffa77bfd78c24d35c39774a53446"
  name = "github.com/golang/protobuf"
  packages = ["proto"]
  pruneopts = "UT"
  revision = "c3cefd437628a0b7d31b34fe44b3a7a540e98527"

[[projects]]
  digest = "1:226b7435d618aee19c8304bd51a38aa55085f0c7c32d1c734e29c756b7475f3c"
  name = "github.com/golang/snappy"
  packages = ["."]
  pruneopts = "UT"
  revision = "7db9049039a047d955fe8c19b83c8ff5abd765c7"

[[projects]]
  digest = "1:0a52d80e7652bc5cd40be9a07b22de0eb9e7e4c63a648b7072a5319d5480e8a1"
  name = "github.com/grpc-ecosystem/grpc-opentracing"
  packages = ["go/otgrpc"]
  pruneopts = "UT"
  revision = "9d5ae040f7ba084f8b17a71b31f8402c2de594ed"

[[projects]]
  digest = "1:777a19f55da89883fe86477b3ffcaaebece9a20efa6e9d161c08beb4b3bd83be"
  name = "github.com/jmespath/go-jmespath"
  packages = ["."]
  pruneopts = "UT"
  revision = "bd40a432e4c76585ef6b72d3fd96fb9b6dc7b68d"

[[projects]]
  digest = "1:1e5bf9cae557702ebbd51a32a94b47e3d1a20b7637682be08da8cf62152ec781"
  name = "github.com/klauspost/crc32"
  packages = ["."]
  pruneopts = "UT"
  revision = "cb6bfca970f6908083f26f39a79009d608efd5cd"
  version = "v1.1"

[[projects]]
  branch = "master"
  digest = "1:a64e323dc06b73892e5bb5d040ced475c4645d456038333883f58934abbf6f72"
  name = "github.com/kr/logfmt"
  packages = ["."]
  pruneopts = "UT"
  revision = "b84e30acd515aadc4b783ad4ff83aff3299bdfe0"

[[projects]]
  digest = "1:ff5ebae34cfbf047d505ee150de27e60570e8c394b3b8fdbb720ff6ac71985fc"
  name = "github.com/matttproud/golang_protobuf_extensions"
  packages = ["pbutil"]
  pruneopts = "UT"
  revision = "c12348ce28de40eed0136aa2b644d0ee0650e56c"
  version = "v1.0.1"

[[projects]]
  digest = "1:0bda010a06e7b615e5033de2b7e0ea364f7c523da8cfc1f4bfa10e79af834e00"
  name = "github.com/mwitkow/go-grpc-middleware"
  packages = ["."]
  pruneopts = "UT"
  revision = "3e23ca7fd796e946de34f19c1a30742057a244b3"

[[projects]]
  digest = "1:55a4c23a5ff747a3436588879dc6ff4ea36d2e42dad8c67449f3df4ecb4b41a7"
  name = "github.com/opentracing-contrib/go-stdlib"
  packages = ["nethttp"]
  pruneopts = "UT"
  revision = "1de4cc2120e71f745a5810488bf64b29b6d7d9f6"

[[projects]]
  digest = "1:7678239e72b348fb9fd56b181f89d2f446b3e7447a120280a5246cd9e0c434cd"
  name = "github.com/opentracing/opentracing-go"
  packages = [
    ".",
    "ext",
    "log",
  ]
  pruneopts = "UT"
  revision = "6edb48674bd9467b8e91fda004f2bd7202d60ce4"
  version = "v1.0.1"

[[projects]]
  digest = "1:c709bfb40d4f9935efd2f514db1347b0a0347ead656009d283e0eabd9333ecf4"
  name = "github.com/openzipkin/zipkin-go-opentracing"
  packages = [
    ".",
    "_thrift/gen-go/scribe",
    "_thrift/gen-go/zipkincore",
    "flag",
    "types",
    "wire",
  ]
  pruneopts = "UT"
  revision = "6022d4d3ed39632fad842942bda1813a9b4f63c8"
  version = "v0.2.3"

[[projects]]
  digest = "1:ebd2bb79267396620eff93dde528cbf483c315c6121d309ad160690091460bc2"
  name = "github.com/pierrec/lz4"
  packages = ["."]
  pruneopts = "UT"
  revision = "5c9560bfa9ace2bf86080bf40d46b34ae44604df"
  version = "v1.0"

[[projects]]
  digest = "1:186e021e0c2fa61e181151d8b2fef4d2b6b217a55794bd591de73773b934a32a"
  name = "github.com/pierrec/xxHash"
  packages = ["xxHash32"]
  pruneopts = "UT"
  revision = "5a004441f897722c627870a981d02b29924215fa"

[[projects]]
  digest = "1:5c77ec0df6475d5fc9bc636ebd00a2585310c4e44c8a30c83f0f5f0c4b53d717"
  name = "github.com/pkg/errors"
  packages = ["."]
  pruneopts = "UT"
  revision = "248dadf4e9068a0b3e79f02ed0a610d935de5302"

[[projects]]
  digest = "1:0028cb19b2e4c3112225cd871870f2d9cf49b9b4276531f03438a88e94be86fe"
  name = "github.com/pmezard/go-difflib"
  packages = ["difflib"]
  pruneopts = "UT"
  revision = "792786c7400a136282c1664665ae0a8db921c6c2"
  version = "v1.0.0"

[[projects]]
  digest = "1:139b0fa8a0094b7b61fc839f01c5f365a5169d14aaa22d688a148f8ec274e510"
  name = "github.com/prometheus/client_golang"
  packages = ["prometheus"]
  pruneopts = "UT"
  revision = "95b6848b5c5bb71e3f68cd512ae5a8153c35e41f"

[[projects]]
  digest = "1:32d10bdfa8f09ecf13598324dba86ab891f11db3c538b6a34d1c3b5b99d7c36b"
  name = "github.com/prometheus/client_model"
  packages = ["go"]
  pruneopts = "UT"
  revision = "6f3806018612930941127f2a7c6c453ba2c527d2"

[[projects]]
  digest = "1:79ac6d18d6b7eabed09995d83689c2c1d3c09dfdd892ddf3d2202765bef23582"
  name = "github.com/prometheus/common"
  packages = [
    "expfmt",
    "internal/bitbucket.org/ww/goautoneg",
    "model",
  ]
  pruneopts = "UT"
  revision = "3e6a7635bac6573d43f49f97b47eb9bda195dba8"

[[projects]]
  digest = "1:e3f36c748588410d67b7bb3fb442c339ee0c297100425b9040ed6bf3074978f6"
  name = "github.com/prometheus/procfs"
  packages = [
    ".",
    "xfs",
  ]
  pruneopts = "UT"
  revision = "e645f4e5aaa8506fc71d6edbc5c4ff02c04c46f2"

[[projects]]
  digest = "1:166d5400333156c32e5ae39062e75bf455882007797f45fdcf8079e6634489f6"
  name = "github.com/rcrowley/go-metrics"
  packages = ["."]
  pruneopts = "UT"
  revision = "1f30fe9094a513ce4c700b9a54458bbb0c96996c"

[[projects]]
  digest = "1:fb011abd58a582cf867409273f372fc6437eda670ff02055c47e6203e90466d7"
  name = "github.com/sirupsen/logrus"
  packages = ["."]
  pruneopts = "UT"
  revision = "89742aefa4b206dcf400792f3bd35b542998eb3b"

[[projects]]
  digest = "1:9bf0f8c6684cd6cb34d838c6f8a07043d6c48be79ffe271cae99633990f8d786"
  name = "github.com/stretchr/objx"
  packages = ["."]
  pruneopts = "UT"
  revision = "1a9d0bb9f541897e62256577b352fdbc1fb4fd94"

[[projects]]
  digest = "1:f9fcaeba776653dd03a189654ae904e4595fc20f52298f5bb17acca4718721fe"
  name = "github.com/stretchr/testify"
  packages = [
    "assert",
    "mock",
    "require",
  ]
  pruneopts = "UT"
  revision = "2402e8e7a02fc811447d11f881aa9746cdc57983"

[[projects]]
  digest = "1:144f8e94d2560b69d2b23f74684b3e2dce92feb287f4c39474bdb6936ea3e5d7"
  name = "golang.org/x/crypto"
  packages = ["ssh/terminal"]
  pruneopts = "UT"
  revision = "27b9897dfcda296fc086003b6e46fca80a29512d"

[[projects]]
  digest = "1:32309b2a48ce5a6b199e163cf65bf97782b2dd5421d06b2c7ea620e566c7f022"
  name = "golang.org/x/net"
  packages = [
    "context",
    "http2",
    "http2/hpack",
    "idna",
    "internal/timeseries",
    "lex/httplex",
    "trace",
  ]
  pruneopts = "UT"
  revision = "e57319ce2bbbdc638169d4756554fbaedc805399"

[[projects]]
  digest = "1:691a437fb12a56860f9a72747541f9d752dd4fd921b55efb77fe8bb35857a0a5"
  name = "golang.org/x/sys"
  packages = ["unix"]
  pruneopts = "UT"
  revision = "90796e5a05ce440b41c768bd9af257005e470461"

[[projects]]
  digest = "1:c11b7011a401ee67a6ad5199ffdeef9fc50f56eed271fec6bd6e98f4af146564"
  name = "google.golang.org/grpc"
  packages = [
    ".",
    "codes",
    "credentials",
    "grpclog",
    "internal",
    "metadata",
    "naming",
    "peer",
    "stats",
    "tap",
    "transport",
  ]
  pruneopts = "UT"
  revision = "941cc894cea3c87a12943fd12b594964541b6d28"

[[projects]]
  digest = "1:46ed28d956228a4113be4e08ba8fae6d78b154bbf78cb7c2108ab157faaac8dc"
  name = "gopkg.in/urfave/cli.v1"
  packages = ["."]
  pruneopts = "UT"
  revision = "1efa31f08b9333f1bd4882d61f9d668a70cd902e"
  version = "v1.18.0"

[solve-meta]
  analyzer-name = "dep"
  analyzer-version = 1
  input-imports = [
    "github.com/aws/aws-sdk-go/aws",
    "github.com/aws/aws-sdk-go/service/ses",
    "github.com/grpc-ecosystem/grpc-opentracing/go/otgrpc",
    "github.com/mwitkow/go-grpc-middleware",
    "github.com/opentracing-contrib/go-stdlib/nethttp",
    "github.com/opentracing/opentracing-go",
    "github.com/opentracing/opentracing-go/log",
    "github.com/openzipkin/zipkin-go-opentracing",
    "github.com/openzipkin/zipkin-go-opentracing/types",
    "github.com/pkg/errors",
    "github.com/prometheus/client_golang/prometheus",
    "github.com/sirupsen/logrus",
    "github.com/stretchr/testify/assert",
    "github.com/stretchr/testify/mock",
    "github.com/stretchr/testify/require",
    "golang.org/x/crypto/ssh/terminal",
    "golang.org/x/net/context",
    "google.golang.org/grpc",
    "google.golang.org/grpc/codes",
    "gopkg.in/urfave/cli.v1",
  ]
  solver-name = "gps-cdcl"
  solver-version = 1
